
Microsoft Visual Studio Solution File, Format Version 12.00
# Visual Studio 2012
Project("{FAE04EC0-301F-11D3-BF4B-00C04F79EFBC}") = "CorinneTest", "CorinneTest\CorinneTest.csproj", "{263E1E87-87A3-4119-A503-213C0E274D66}"
EndProject
Project("{FAE04EC0-301F-11D3-BF4B-00C04F79EFBC}") = "CorinneTest.Droid", "Droid\CorinneTest.Droid.csproj", "{51C2CD71-EF97-4049-BC9A-179800D41E73}"
EndProject
Project("{FAE04EC0-301F-11D3-BF4B-00C04F79EFBC}") = "CorinneTest.iOS", "iOS\CorinneTest.iOS.csproj", "{1CD8F53C-A417-484C-BD23-78B809594C7D}"
EndProject
Global
	GlobalSection(SolutionConfigurationPlatforms) = preSolution
		Debug|Any CPU = Debug|Any CPU
		Release|Any CPU = Release|Any CPU
		Debug|iPhoneSimulator = Debug|iPhoneSimulator
		Release|iPhone = Release|iPhone
		Release|iPhoneSimulator = Release|iPhoneSimulator
		Debug|iPhone = Debug|iPhone
	EndGlobalSection
	GlobalSection(ProjectConfigurationPlatforms) = postSolution
		{263E1E87-87A3-4119-A503-213C0E274D66}.Debug|Any CPU.ActiveCfg = Debug|Any CPU
		{263E1E87-87A3-4119-A503-213C0E274D66}.Debug|Any CPU.Build.0 = Debug|Any CPU
		{263E1E87-87A3-4119-A503-213C0E274D66}.Release|Any CPU.ActiveCfg = Release|Any CPU
		{263E1E87-87A3-4119-A503-213C0E274D66}.Release|Any CPU.Build.0 = Release|Any CPU
		{263E1E87-87A3-4119-A503-213C0E274D66}.Debug|iPhoneSimulator.ActiveCfg = Debug|Any CPU
		{263E1E87-87A3-4119-A503-213C0E274D66}.Debug|iPhoneSimulator.Build.0 = Debug|Any CPU
		{263E1E87-87A3-4119-A503-213C0E274D66}.Release|iPhone.ActiveCfg = Release|Any CPU
		{263E1E87-87A3-4119-A503-213C0E274D66}.Release|iPhone.Build.0 = Release|Any CPU
		{263E1E87-87A3-4119-A503-213C0E274D66}.Release|iPhoneSimulator.ActiveCfg = Release|Any CPU
		{263E1E87-87A3-4119-A503-213C0E274D66}.Release|iPhoneSimulator.Build.0 = Release|Any CPU
		{263E1E87-87A3-4119-A503-213C0E274D66}.Debug|iPhone.ActiveCfg = Debug|Any CPU
		{263E1E87-87A3-4119-A503-213C0E274D66}.Debug|iPhone.Build.0 = Debug|Any CPU
		{51C2CD71-EF97-4049-BC9A-179800D41E73}.Debug|Any CPU.ActiveCfg = Debug|Any CPU
		{51C2CD71-EF97-4049-BC9A-179800D41E73}.Debug|Any CPU.Build.0 = Debug|Any CPU
		{51C2CD71-EF97-4049-BC9A-179800D41E73}.Release|Any CPU.ActiveCfg = Release|Any CPU
		{51C2CD71-EF97-4049-BC9A-179800D41E73}.Release|Any CPU.Build.0 = Release|Any CPU
		{51C2CD71-EF97-4049-BC9A-179800D41E73}.Debug|iPhoneSimulator.ActiveCfg = Debug|Any CPU
		{51C2CD71-EF97-4049-BC9A-179800D41E73}.Debug|iPhoneSimulator.Build.0 = Debug|Any CPU
		{51C2CD71-EF97-4049-BC9A-179800D41E73}.Release|iPhone.ActiveCfg = Release|Any CPU
		{51C2CD71-EF97-4049-BC9A-179800D41E73}.Release|iPhone.Build.0 = Release|Any CPU
		{51C2CD71-EF97-4049-BC9A-179800D41E73}.Release|iPhoneSimulator.ActiveCfg = Release|Any CPU
		{51C2CD71-EF97-4049-BC9A-179800D41E73}.Release|iPhoneSimulator.Build.0 = Release|Any CPU
		{51C2CD71-EF97-4049-BC9A-179800D41E73}.Debug|iPhone.ActiveCfg = Debug|Any CPU
		{51C2CD71-EF97-4049-BC9A-179800D41E73}.Debug|iPhone.Build.0 = Debug|Any CPU
		{1CD8F53C-A417-484C-BD23-78B809594C7D}.Debug|Any CPU.ActiveCfg = Debug|iPhoneSimulator
		{1CD8F53C-A417-484C-BD23-78B809594C7D}.Debug|Any CPU.Build.0 = Debug|iPhoneSimulator
		{1CD8F53C-A417-484C-BD23-78B809594C7D}.Release|Any CPU.ActiveCfg = Release|iPhone
		{1CD8F53C-A417-484C-BD23-78B809594C7D}.Release|Any CPU.Build.0 = Release|iPhone
		{1CD8F53C-A417-484C-BD23-78B809594C7D}.Debug|iPhoneSimulator.ActiveCfg = Debug|iPhoneSimulator
		{1CD8F53C-A417-484C-BD23-78B809594C7D}.Debug|iPhoneSimulator.Build.0 = Debug|iPhoneSimulator
		{1CD8F53C-A417-484C-BD23-78B809594C7D}.Release|iPhone.ActiveCfg = Release|iPhone
		{1CD8F53C-A417-484C-BD23-78B809594C7D}.Release|iPhone.Build.0 = Release|iPhone
		{1CD8F53C-A417-484C-BD23-78B809594C7D}.Release|iPhoneSimulator.ActiveCfg = Release|iPhoneSimulator
		{1CD8F53C-A417-484C-BD23-78B809594C7D}.Release|iPhoneSimulator.Build.0 = Release|iPhoneSimulator
		{1CD8F53C-A417-484C-BD23-78B809594C7D}.Debug|iPhone.ActiveCfg = Debug|iPhone
		{1CD8F53C-A417-484C-BD23-78B809594C7D}.Debug|iPhone.Build.0 = Debug|iPhone
	EndGlobalSection
EndGlobal
